lockfileVersion: '6.0'

settings:
  autoInstallPeers: true
  excludeLinksFromLockfile: false

dependencies:
  axios:
    specifier: ^1.6.7
    version: 1.6.7

devDependencies:
  '@types/node':
    specifier: ^20.11.16
    version: 20.11.16
  rollup-plugin-node-builtins:
    specifier: ^2.1.2
    version: 2.1.2
  ts-node:
    specifier: ^10.9.2
    version: 10.9.2(@types/node@20.11.16)(typescript@5.3.3)
  typescript:
    specifier: ^5.3.3
    version: 5.3.3
  vite:
    specifier: ^5.0.10
    version: 5.0.12(@types/node@20.11.16)

packages:

  /@cspotcode/source-map-support@0.8.1:
    resolution: {integrity: sha512-IchNf6dN4tHoMFIn/7OE8LWZ19Y6q/67Bmf6vnGREv8RSbBVb9LPJxEcnwrcwX6ixSvaiGoomAUvu4YSxXrVgw==}
    engines: {node: '>=12'}
    dependencies:
      '@jridgewell/trace-mapping': 0.3.9
    dev: true

  /@esbuild/aix-ppc64@0.19.12:
    resolution: {integrity: sha512-bmoCYyWdEL3wDQIVbcyzRyeKLgk2WtWLTWz1ZIAZF/EGbNOwSA6ew3PftJ1PqMiOOGu0OyFMzG53L0zqIpPeNA==}
    engines: {node: '>=12'}
    cpu: [ppc64]
    os: [aix]
    requiresBuild: true
    dev: true
    optional: true

  /@esbuild/android-arm64@0.19.12:
    resolution: {integrity: sha512-P0UVNGIienjZv3f5zq0DP3Nt2IE/3plFzuaS96vihvD0Hd6H/q4WXUGpCxD/E8YrSXfNyRPbpTq+T8ZQioSuPA==}
    engines: {node: '>=12'}
    cpu: [arm64]
    os: [android]
    requiresBuild: true
    dev: true
    optional: true

  /@esbuild/android-arm@0.19.12:
    resolution: {integrity: sha512-qg/Lj1mu3CdQlDEEiWrlC4eaPZ1KztwGJ9B6J+/6G+/4ewxJg7gqj8eVYWvao1bXrqGiW2rsBZFSX3q2lcW05w==}
    engines: {node: '>=12'}
    cpu: [arm]
    os: [android]
    requiresBuild: true
    dev: true
    optional: true

  /@esbuild/android-x64@0.19.12:
    resolution: {integrity: sha512-3k7ZoUW6Q6YqhdhIaq/WZ7HwBpnFBlW905Fa4s4qWJyiNOgT1dOqDiVAQFwBH7gBRZr17gLrlFCRzF6jFh7Kew==}
    engines: {node: '>=12'}
    cpu: [x64]
    os: [android]
    requiresBuild: true
    dev: true
    optional: true

  /@esbuild/darwin-arm64@0.19.12:
    resolution: {integrity: sha512-B6IeSgZgtEzGC42jsI+YYu9Z3HKRxp8ZT3cqhvliEHovq8HSX2YX8lNocDn79gCKJXOSaEot9MVYky7AKjCs8g==}
    engines: {node: '>=12'}
    cpu: [arm64]
    os: [darwin]
    requiresBuild: true
    dev: true
    optional: true

  /@esbuild/darwin-x64@0.19.12:
    resolution: {integrity: sha512-hKoVkKzFiToTgn+41qGhsUJXFlIjxI/jSYeZf3ugemDYZldIXIxhvwN6erJGlX4t5h417iFuheZ7l+YVn05N3A==}
    engines: {node: '>=12'}
    cpu: [x64]
    os: [darwin]
    requiresBuild: true
    dev: true
    optional: true

  /@esbuild/freebsd-arm64@0.19.12:
    resolution: {integrity: sha512-4aRvFIXmwAcDBw9AueDQ2YnGmz5L6obe5kmPT8Vd+/+x/JMVKCgdcRwH6APrbpNXsPz+K653Qg8HB/oXvXVukA==}
    engines: {node: '>=12'}
    cpu: [arm64]
    os: [freebsd]
    requiresBuild: true
    dev: true
    optional: true

  /@esbuild/freebsd-x64@0.19.12:
    resolution: {integrity: sha512-EYoXZ4d8xtBoVN7CEwWY2IN4ho76xjYXqSXMNccFSx2lgqOG/1TBPW0yPx1bJZk94qu3tX0fycJeeQsKovA8gg==}
    engines: {node: '>=12'}
    cpu: [x64]
    os: [freebsd]
    requiresBuild: true
    dev: true
    optional: true

  /@esbuild/linux-arm64@0.19.12:
    resolution: {integrity: sha512-EoTjyYyLuVPfdPLsGVVVC8a0p1BFFvtpQDB/YLEhaXyf/5bczaGeN15QkR+O4S5LeJ92Tqotve7i1jn35qwvdA==}
    engines: {node: '>=12'}
    cpu: [arm64]
    os: [linux]
    requiresBuild: true
    dev: true
    optional: true

  /@esbuild/linux-arm@0.19.12:
    resolution: {integrity: sha512-J5jPms//KhSNv+LO1S1TX1UWp1ucM6N6XuL6ITdKWElCu8wXP72l9MM0zDTzzeikVyqFE6U8YAV9/tFyj0ti+w==}
    engines: {node: '>=12'}
    cpu: [arm]
    os: [linux]
    requiresBuild: true
    dev: true
    optional: true

  /@esbuild/linux-ia32@0.19.12:
    resolution: {integrity: sha512-Thsa42rrP1+UIGaWz47uydHSBOgTUnwBwNq59khgIwktK6x60Hivfbux9iNR0eHCHzOLjLMLfUMLCypBkZXMHA==}
    engines: {node: '>=12'}
    cpu: [ia32]
    os: [linux]
    requiresBuild: true
    dev: true
    optional: true

  /@esbuild/linux-loong64@0.19.12:
    resolution: {integrity: sha512-LiXdXA0s3IqRRjm6rV6XaWATScKAXjI4R4LoDlvO7+yQqFdlr1Bax62sRwkVvRIrwXxvtYEHHI4dm50jAXkuAA==}
    engines: {node: '>=12'}
    cpu: [loong64]
    os: [linux]
    requiresBuild: true
    dev: true
    optional: true

  /@esbuild/linux-mips64el@0.19.12:
    resolution: {integrity: sha512-fEnAuj5VGTanfJ07ff0gOA6IPsvrVHLVb6Lyd1g2/ed67oU1eFzL0r9WL7ZzscD+/N6i3dWumGE1Un4f7Amf+w==}
    engines: {node: '>=12'}
    cpu: [mips64el]
    os: [linux]
    requiresBuild: true
    dev: true
    optional: true

  /@esbuild/linux-ppc64@0.19.12:
    resolution: {integrity: sha512-nYJA2/QPimDQOh1rKWedNOe3Gfc8PabU7HT3iXWtNUbRzXS9+vgB0Fjaqr//XNbd82mCxHzik2qotuI89cfixg==}
    engines: {node: '>=12'}
    cpu: [ppc64]
    os: [linux]
    requiresBuild: true
    dev: true
    optional: true

  /@esbuild/linux-riscv64@0.19.12:
    resolution: {integrity: sha512-2MueBrlPQCw5dVJJpQdUYgeqIzDQgw3QtiAHUC4RBz9FXPrskyyU3VI1hw7C0BSKB9OduwSJ79FTCqtGMWqJHg==}
    engines: {node: '>=12'}
    cpu: [riscv64]
    os: [linux]
    requiresBuild: true
    dev: true
    optional: true

  /@esbuild/linux-s390x@0.19.12:
    resolution: {integrity: sha512-+Pil1Nv3Umes4m3AZKqA2anfhJiVmNCYkPchwFJNEJN5QxmTs1uzyy4TvmDrCRNT2ApwSari7ZIgrPeUx4UZDg==}
    engines: {node: '>=12'}
    cpu: [s390x]
    os: [linux]
    requiresBuild: true
    dev: true
    optional: true

  /@esbuild/linux-x64@0.19.12:
    resolution: {integrity: sha512-B71g1QpxfwBvNrfyJdVDexenDIt1CiDN1TIXLbhOw0KhJzE78KIFGX6OJ9MrtC0oOqMWf+0xop4qEU8JrJTwCg==}
    engines: {node: '>=12'}
    cpu: [x64]
    os: [linux]
    requiresBuild: true
    dev: true
    optional: true

  /@esbuild/netbsd-x64@0.19.12:
    resolution: {integrity: sha512-3ltjQ7n1owJgFbuC61Oj++XhtzmymoCihNFgT84UAmJnxJfm4sYCiSLTXZtE00VWYpPMYc+ZQmB6xbSdVh0JWA==}
    engines: {node: '>=12'}
    cpu: [x64]
    os: [netbsd]
    requiresBuild: true
    dev: true
    optional: true

  /@esbuild/openbsd-x64@0.19.12:
    resolution: {integrity: sha512-RbrfTB9SWsr0kWmb9srfF+L933uMDdu9BIzdA7os2t0TXhCRjrQyCeOt6wVxr79CKD4c+p+YhCj31HBkYcXebw==}
    engines: {node: '>=12'}
    cpu: [x64]
    os: [openbsd]
    requiresBuild: true
    dev: true
    optional: true

  /@esbuild/sunos-x64@0.19.12:
    resolution: {integrity: sha512-HKjJwRrW8uWtCQnQOz9qcU3mUZhTUQvi56Q8DPTLLB+DawoiQdjsYq+j+D3s9I8VFtDr+F9CjgXKKC4ss89IeA==}
    engines: {node: '>=12'}
    cpu: [x64]
    os: [sunos]
    requiresBuild: true
    dev: true
    optional: true

  /@esbuild/win32-arm64@0.19.12:
    resolution: {integrity: sha512-URgtR1dJnmGvX864pn1B2YUYNzjmXkuJOIqG2HdU62MVS4EHpU2946OZoTMnRUHklGtJdJZ33QfzdjGACXhn1A==}
    engines: {node: '>=12'}
    cpu: [arm64]
    os: [win32]
    requiresBuild: true
    dev: true
    optional: true

  /@esbuild/win32-ia32@0.19.12:
    resolution: {integrity: sha512-+ZOE6pUkMOJfmxmBZElNOx72NKpIa/HFOMGzu8fqzQJ5kgf6aTGrcJaFsNiVMH4JKpMipyK+7k0n2UXN7a8YKQ==}
    engines: {node: '>=12'}
    cpu: [ia32]
    os: [win32]
    requiresBuild: true
    dev: true
    optional: true

  /@esbuild/win32-x64@0.19.12:
    resolution: {integrity: sha512-T1QyPSDCyMXaO3pzBkF96E8xMkiRYbUEZADd29SyPGabqxMViNoii+NcK7eWJAEoU6RZyEm5lVSIjTmcdoB9HA==}
    engines: {node: '>=12'}
    cpu: [x64]
    os: [win32]
    requiresBuild: true
    dev: true
    optional: true

  /@jridgewell/resolve-uri@3.1.1:
    resolution: {integrity: sha512-dSYZh7HhCDtCKm4QakX0xFpsRDqjjtZf/kjI/v3T3Nwt5r8/qz/M19F9ySyOqU94SXBmeG9ttTul+YnR4LOxFA==}
    engines: {node: '>=6.0.0'}
    dev: true

  /@jridgewell/sourcemap-codec@1.4.15:
    resolution: {integrity: sha512-eF2rxCRulEKXHTRiDrDy6erMYWqNw4LPdQ8UQA4huuxaQsVeRPFl2oM8oDGxMFhJUWZf9McpLtJasDDZb/Bpeg==}
    dev: true

  /@jridgewell/trace-mapping@0.3.9:
    resolution: {integrity: sha512-3Belt6tdc8bPgAtbcmdtNJlirVoTmEb5e2gC94PnkwEW9jI6CAHUeoG85tjWP5WquqfavoMtMwiG4P926ZKKuQ==}
    dependencies:
      '@jridgewell/resolve-uri': 3.1.1
      '@jridgewell/sourcemap-codec': 1.4.15
    dev: true

  /@rollup/rollup-android-arm-eabi@4.9.6:
    resolution: {integrity: sha512-MVNXSSYN6QXOulbHpLMKYi60ppyO13W9my1qogeiAqtjb2yR4LSmfU2+POvDkLzhjYLXz9Rf9+9a3zFHW1Lecg==}
    cpu: [arm]
    os: [android]
    requiresBuild: true
    dev: true
    optional: true

  /@rollup/rollup-android-arm64@4.9.6:
    resolution: {integrity: sha512-T14aNLpqJ5wzKNf5jEDpv5zgyIqcpn1MlwCrUXLrwoADr2RkWA0vOWP4XxbO9aiO3dvMCQICZdKeDrFl7UMClw==}
    cpu: [arm64]
    os: [android]
    requiresBuild: true
    dev: true
    optional: true

  /@rollup/rollup-darwin-arm64@4.9.6:
    resolution: {integrity: sha512-CqNNAyhRkTbo8VVZ5R85X73H3R5NX9ONnKbXuHisGWC0qRbTTxnF1U4V9NafzJbgGM0sHZpdO83pLPzq8uOZFw==}
    cpu: [arm64]
    os: [darwin]
    requiresBuild: true
    dev: true
    optional: true

  /@rollup/rollup-darwin-x64@4.9.6:
    resolution: {integrity: sha512-zRDtdJuRvA1dc9Mp6BWYqAsU5oeLixdfUvkTHuiYOHwqYuQ4YgSmi6+/lPvSsqc/I0Omw3DdICx4Tfacdzmhog==}
    cpu: [x64]
    os: [darwin]
    requiresBuild: true
    dev: true
    optional: true

  /@rollup/rollup-linux-arm-gnueabihf@4.9.6:
    resolution: {integrity: sha512-oNk8YXDDnNyG4qlNb6is1ojTOGL/tRhbbKeE/YuccItzerEZT68Z9gHrY3ROh7axDc974+zYAPxK5SH0j/G+QQ==}
    cpu: [arm]
    os: [linux]
    requiresBuild: true
    dev: true
    optional: true

  /@rollup/rollup-linux-arm64-gnu@4.9.6:
    resolution: {integrity: sha512-Z3O60yxPtuCYobrtzjo0wlmvDdx2qZfeAWTyfOjEDqd08kthDKexLpV97KfAeUXPosENKd8uyJMRDfFMxcYkDQ==}
    cpu: [arm64]
    os: [linux]
    requiresBuild: true
    dev: true
    optional: true

  /@rollup/rollup-linux-arm64-musl@4.9.6:
    resolution: {integrity: sha512-gpiG0qQJNdYEVad+1iAsGAbgAnZ8j07FapmnIAQgODKcOTjLEWM9sRb+MbQyVsYCnA0Im6M6QIq6ax7liws6eQ==}
    cpu: [arm64]
    os: [linux]
    requiresBuild: true
    dev: true
    optional: true

  /@rollup/rollup-linux-riscv64-gnu@4.9.6:
    resolution: {integrity: sha512-+uCOcvVmFUYvVDr27aiyun9WgZk0tXe7ThuzoUTAukZJOwS5MrGbmSlNOhx1j80GdpqbOty05XqSl5w4dQvcOA==}
    cpu: [riscv64]
    os: [linux]
    requiresBuild: true
    dev: true
    optional: true

  /@rollup/rollup-linux-x64-gnu@4.9.6:
    resolution: {integrity: sha512-HUNqM32dGzfBKuaDUBqFB7tP6VMN74eLZ33Q9Y1TBqRDn+qDonkAUyKWwF9BR9unV7QUzffLnz9GrnKvMqC/fw==}
    cpu: [x64]
    os: [linux]
    requiresBuild: true
    dev: true
    optional: true

  /@rollup/rollup-linux-x64-musl@4.9.6:
    resolution: {integrity: sha512-ch7M+9Tr5R4FK40FHQk8VnML0Szi2KRujUgHXd/HjuH9ifH72GUmw6lStZBo3c3GB82vHa0ZoUfjfcM7JiiMrQ==}
    cpu: [x64]
    os: [linux]
    requiresBuild: true
    dev: true
    optional: true

  /@rollup/rollup-win32-arm64-msvc@4.9.6:
    resolution: {integrity: sha512-VD6qnR99dhmTQ1mJhIzXsRcTBvTjbfbGGwKAHcu+52cVl15AC/kplkhxzW/uT0Xl62Y/meBKDZvoJSJN+vTeGA==}
    cpu: [arm64]
    os: [win32]
    requiresBuild: true
    dev: true
    optional: true

  /@rollup/rollup-win32-ia32-msvc@4.9.6:
    resolution: {integrity: sha512-J9AFDq/xiRI58eR2NIDfyVmTYGyIZmRcvcAoJ48oDld/NTR8wyiPUu2X/v1navJ+N/FGg68LEbX3Ejd6l8B7MQ==}
    cpu: [ia32]
    os: [win32]
    requiresBuild: true
    dev: true
    optional: true

  /@rollup/rollup-win32-x64-msvc@4.9.6:
    resolution: {integrity: sha512-jqzNLhNDvIZOrt69Ce4UjGRpXJBzhUBzawMwnaDAwyHriki3XollsewxWzOzz+4yOFDkuJHtTsZFwMxhYJWmLQ==}
    cpu: [x64]
    os: [win32]
    requiresBuild: true
    dev: true
    optional: true

  /@tsconfig/node10@1.0.9:
    resolution: {integrity: sha512-jNsYVVxU8v5g43Erja32laIDHXeoNvFEpX33OK4d6hljo3jDhCBDhx5dhCCTMWUojscpAagGiRkBKxpdl9fxqA==}
    dev: true

  /@tsconfig/node12@1.0.11:
    resolution: {integrity: sha512-cqefuRsh12pWyGsIoBKJA9luFu3mRxCA+ORZvA4ktLSzIuCUtWVxGIuXigEwO5/ywWFMZ2QEGKWvkZG1zDMTag==}
    dev: true

  /@tsconfig/node14@1.0.3:
    resolution: {integrity: sha512-ysT8mhdixWK6Hw3i1V2AeRqZ5WfXg1G43mqoYlM2nc6388Fq5jcXyr5mRsqViLx/GJYdoL0bfXD8nmF+Zn/Iow==}
    dev: true

  /@tsconfig/node16@1.0.4:
    resolution: {integrity: sha512-vxhUy4J8lyeyinH7Azl1pdd43GJhZH/tP2weN8TntQblOY+A0XbT8DJk1/oCPuOOyg/Ja757rG0CgHcWC8OfMA==}
    dev: true

  /@types/estree@1.0.5:
    resolution: {integrity: sha512-/kYRxGDLWzHOB7q+wtSUQlFrtcdUccpfy+X+9iMBpHK8QLLhx2wIPYuS5DYtR9Wa/YlZAbIovy7qVdB1Aq6Lyw==}
    dev: true

  /@types/node@20.11.16:
    resolution: {integrity: sha512-gKb0enTmRCzXSSUJDq6/sPcqrfCv2mkkG6Jt/clpn5eiCbKTY+SgZUxo+p8ZKMof5dCp9vHQUAB7wOUTod22wQ==}
    dependencies:
      undici-types: 5.26.5
    dev: true

  /abstract-leveldown@0.12.4:
    resolution: {integrity: sha512-TOod9d5RDExo6STLMGa+04HGkl+TlMfbDnTyN93/ETJ9DpQ0DaYLqcMZlbXvdc4W3vVo1Qrl+WhSp8zvDsJ+jA==}
    dependencies:
      xtend: 3.0.0
    dev: true

  /acorn-walk@8.3.2:
    resolution: {integrity: sha512-cjkyv4OtNCIeqhHrfS81QWXoCBPExR/J62oyEqepVw8WaQeSqpW2uhuLPh1m9eWhDuOo/jUXVTlifvesOWp/4A==}
    engines: {node: '>=0.4.0'}
    dev: true

  /acorn@8.11.3:
    resolution: {integrity: sha512-Y9rRfJG5jcKOE0CLisYbojUjIrIEE7AGMzA/Sm4BslANhbS+cDMpgBdcPT91oJ7OuJ9hYJBx59RjbhxVnrF8Xg==}
    engines: {node: '>=0.4.0'}
    hasBin: true
    dev: true

  /arg@4.1.3:
    resolution: {integrity: sha512-58S9QDqG0Xx27YwPSt9fJxivjYl432YCwfDMfZ+71RAqUrZef7LrKQZ3LHLOwCS4FLNBplP533Zx895SeOCHvA==}
    dev: true

  /asn1.js@5.4.1:
    resolution: {integrity: sha512-+I//4cYPccV8LdmBLiX8CYvf9Sp3vQsrqu2QNXRcrbiWvcx/UdlFiqUJJzxRQxgsZmvhXhn4cSKeSmoFjVdupA==}
    dependencies:
      bn.js: 4.12.0
      inherits: 2.0.4
      minimalistic-assert: 1.0.1
      safer-buffer: 2.1.2
    dev: true

  /asynckit@0.4.0:
    resolution: {integrity: sha512-Oei9OH4tRh0YqU3GxhX79dM/mwVgvbZJaSNaRk+bshkj0S5cfHcgYakreBjrHwatXKbz+IoIdYLxrKim2MjW0Q==}
    dev: false

  /axios@1.6.7:
    resolution: {integrity: sha512-/hDJGff6/c7u0hDkvkGxR/oy6CbCs8ziCsC7SqmhjfozqiJGc8Z11wrv9z9lYfY4K8l+H9TpjcMDX0xOZmx+RA==}
    dependencies:
      follow-redirects: 1.15.5
      form-data: 4.0.0
      proxy-from-env: 1.1.0
    transitivePeerDependencies:
      - debug
    dev: false

  /bl@0.8.2:
    resolution: {integrity: sha512-pfqikmByp+lifZCS0p6j6KreV6kNU6Apzpm2nKOk+94cZb/jvle55+JxWiByUQ0Wo/+XnDXEy5MxxKMb6r0VIw==}
    dependencies:
      readable-stream: 1.0.34
    dev: true

  /bn.js@4.12.0:
    resolution: {integrity: sha512-c98Bf3tPniI+scsdk237ku1Dc3ujXQTSgyiPUDEOe7tRkhrqridvh8klBv0HCEso1OLOYcHuCv/cS6DNxKH+ZA==}
    dev: true

  /bn.js@5.2.1:
    resolution: {integrity: sha512-eXRvHzWyYPBuB4NBy0cmYQjGitUrtqwbvlzP3G6VFnNRbsZQIxQ10PbKKHt8gZ/HW/D/747aDl+QkDqg3KQLMQ==}
    dev: true

  /brorand@1.1.0:
    resolution: {integrity: sha512-cKV8tMCEpQs4hK/ik71d6LrPOnpkpGBR0wzxqr68g2m/LB2GxVYQroAjMJZRVM1Y4BCjCKc3vAamxSzOY2RP+w==}
    dev: true

  /browserify-aes@1.2.0:
    resolution: {integrity: sha512-+7CHXqGuspUn/Sl5aO7Ea0xWGAtETPXNSAjHo48JfLdPWcMng33Xe4znFvQweqc/uzk5zSOI3H52CYnjCfb5hA==}
    dependencies:
      buffer-xor: 1.0.3
      cipher-base: 1.0.4
      create-hash: 1.2.0
      evp_bytestokey: 1.0.3
      inherits: 2.0.4
      safe-buffer: 5.2.1
    dev: true

  /browserify-cipher@1.0.1:
    resolution: {integrity: sha512-sPhkz0ARKbf4rRQt2hTpAHqn47X3llLkUGn+xEJzLjwY8LRs2p0v7ljvI5EyoRO/mexrNunNECisZs+gw2zz1w==}
    dependencies:
      browserify-aes: 1.2.0
      browserify-des: 1.0.2
      evp_bytestokey: 1.0.3
    dev: true

  /browserify-des@1.0.2:
    resolution: {integrity: sha512-BioO1xf3hFwz4kc6iBhI3ieDFompMhrMlnDFC4/0/vd5MokpuAc3R+LYbwTA9A5Yc9pq9UYPqffKpW2ObuwX5A==}
    dependencies:
      cipher-base: 1.0.4
      des.js: 1.1.0
      inherits: 2.0.4
      safe-buffer: 5.2.1
    dev: true

  /browserify-fs@1.0.0:
    resolution: {integrity: sha512-8LqHRPuAEKvyTX34R6tsw4bO2ro6j9DmlYBhiYWHRM26Zv2cBw1fJOU0NeUQ0RkXkPn/PFBjhA0dm4AgaBurTg==}
    dependencies:
      level-filesystem: 1.2.0
      level-js: 2.2.4
      levelup: 0.18.6
    dev: true

  /browserify-rsa@4.1.0:
    resolution: {integrity: sha512-AdEER0Hkspgno2aR97SAf6vi0y0k8NuOpGnVH3O99rcA5Q6sh8QxcngtHuJ6uXwnfAXNM4Gn1Gb7/MV1+Ymbog==}
    dependencies:
      bn.js: 5.2.1
      randombytes: 2.1.0
    dev: true

  /browserify-sign@4.2.2:
    resolution: {integrity: sha512-1rudGyeYY42Dk6texmv7c4VcQ0EsvVbLwZkA+AQB7SxvXxmcD93jcHie8bzecJ+ChDlmAm2Qyu0+Ccg5uhZXCg==}
    engines: {node: '>= 4'}
    dependencies:
      bn.js: 5.2.1
      browserify-rsa: 4.1.0
      create-hash: 1.2.0
      create-hmac: 1.1.7
      elliptic: 6.5.4
      inherits: 2.0.4
      parse-asn1: 5.1.6
      readable-stream: 3.6.2
      safe-buffer: 5.2.1
    dev: true

  /buffer-es6@4.9.3:
    resolution: {integrity: sha512-Ibt+oXxhmeYJSsCkODPqNpPmyegefiD8rfutH1NYGhMZQhSp95Rz7haemgnJ6dxa6LT+JLLbtgOMORRluwKktw==}
    dev: true

  /buffer-from@1.1.2:
    resolution: {integrity: sha512-E+XQCRwSbaaiChtv6k6Dwgc+bx+Bs6vuKJHHl5kox/BaKbhiXzqQOwK4cO22yElGp2OCmjwVhT3HmxgyPGnJfQ==}
    dev: true

  /buffer-xor@1.0.3:
    resolution: {integrity: sha512-571s0T7nZWK6vB67HI5dyUF7wXiNcfaPPPTl6zYCNApANjIvYJTg7hlud/+cJpdAhS7dVzqMLmfhfHR3rAcOjQ==}
    dev: true

  /cipher-base@1.0.4:
    resolution: {integrity: sha512-Kkht5ye6ZGmwv40uUDZztayT2ThLQGfnj/T71N/XzeZeo3nf8foyW7zGTsPYkEya3m5f3cAypH+qe7YOrM1U2Q==}
    dependencies:
      inherits: 2.0.4
      safe-buffer: 5.2.1
    dev: true

  /clone@0.1.19:
    resolution: {integrity: sha512-IO78I0y6JcSpEPHzK4obKdsL7E7oLdRVDVOLwr2Hkbjsb+Eoz0dxW6tef0WizoKu0gLC4oZSZuEF4U2K6w1WQw==}
    dev: true

  /combined-stream@1.0.8:
    resolution: {integrity: sha512-FQN4MRfuJeHf7cBbBMJFXhKSDq+2kAArBlmRBvcvFE5BB1HZKXtSFASDhdlz9zOYwxh8lDdnvmMOe/+5cdoEdg==}
    engines: {node: '>= 0.8'}
    dependencies:
      delayed-stream: 1.0.0
    dev: false

  /concat-stream@1.6.2:
    resolution: {integrity: sha512-27HBghJxjiZtIk3Ycvn/4kbJk/1uZuJFfuPEns6LaEvpvG1f0hTea8lilrouyo9mVc2GWdcEZ8OLoGmSADlrCw==}
    engines: {'0': node >= 0.8}
    dependencies:
      buffer-from: 1.1.2
      inherits: 2.0.4
      readable-stream: 2.3.8
      typedarray: 0.0.6
    dev: true

  /core-util-is@1.0.3:
    resolution: {integrity: sha512-ZQBvi1DcpJ4GDqanjucZ2Hj3wEO5pZDS89BWbkcrvdxksJorwUDDZamX9ldFkp9aw2lmBDLgkObEA4DWNJ9FYQ==}
    dev: true

  /create-ecdh@4.0.4:
    resolution: {integrity: sha512-mf+TCx8wWc9VpuxfP2ht0iSISLZnt0JgWlrOKZiNqyUZWnjIaCIVNQArMHnCZKfEYRg6IM7A+NeJoN8gf/Ws0A==}
    dependencies:
      bn.js: 4.12.0
      elliptic: 6.5.4
    dev: true

  /create-hash@1.2.0:
    resolution: {integrity: sha512-z00bCGNHDG8mHAkP7CtT1qVu+bFQUPjYq/4Iv3C3kWjTFV10zIjfSoeqXo9Asws8gwSHDGj/hl2u4OGIjapeCg==}
    dependencies:
      cipher-base: 1.0.4
      inherits: 2.0.4
      md5.js: 1.3.5
      ripemd160: 2.0.2
      sha.js: 2.4.11
    dev: true

  /create-hmac@1.1.7:
    resolution: {integrity: sha512-MJG9liiZ+ogc4TzUwuvbER1JRdgvUFSB5+VR/g5h82fGaIRWMWddtKBHi7/sVhfjQZ6SehlyhvQYrcYkaUIpLg==}
    dependencies:
      cipher-base: 1.0.4
      create-hash: 1.2.0
      inherits: 2.0.4
      ripemd160: 2.0.2
      safe-buffer: 5.2.1
      sha.js: 2.4.11
    dev: true

  /create-require@1.1.1:
    resolution: {integrity: sha512-dcKFX3jn0MpIaXjisoRvexIJVEKzaq7z2rZKxf+MSr9TkdmHmsU4m2lcLojrj/FHl8mk5VxMmYA+ftRkP/3oKQ==}
    dev: true

  /crypto-browserify@3.12.0:
    resolution: {integrity: sha512-fz4spIh+znjO2VjL+IdhEpRJ3YN6sMzITSBijk6FK2UvTqruSQW+/cCZTSNsMiZNvUeq0CqurF+dAbyiGOY6Wg==}
    dependencies:
      browserify-cipher: 1.0.1
      browserify-sign: 4.2.2
      create-ecdh: 4.0.4
      create-hash: 1.2.0
      create-hmac: 1.1.7
      diffie-hellman: 5.0.3
      inherits: 2.0.4
      pbkdf2: 3.1.2
      public-encrypt: 4.0.3
      randombytes: 2.1.0
      randomfill: 1.0.4
    dev: true

  /deferred-leveldown@0.2.0:
    resolution: {integrity: sha512-+WCbb4+ez/SZ77Sdy1iadagFiVzMB89IKOBhglgnUkVxOxRWmmFsz8UDSNWh4Rhq+3wr/vMFlYj+rdEwWUDdng==}
    dependencies:
      abstract-leveldown: 0.12.4
    dev: true

  /delayed-stream@1.0.0:
    resolution: {integrity: sha512-ZySD7Nf91aLB0RxL4KGrKHBXl7Eds1DAmEdcoVawXnLD7SDhpNgtuII2aAkg7a7QS41jxPSZ17p4VdGnMHk3MQ==}
    engines: {node: '>=0.4.0'}
    dev: false

  /des.js@1.1.0:
    resolution: {integrity: sha512-r17GxjhUCjSRy8aiJpr8/UadFIzMzJGexI3Nmz4ADi9LYSFx4gTBp80+NaX/YsXWWLhpZ7v/v/ubEc/bCNfKwg==}
    dependencies:
      inherits: 2.0.4
      minimalistic-assert: 1.0.1
    dev: true

  /diff@4.0.2:
    resolution: {integrity: sha512-58lmxKSA4BNyLz+HHMUzlOEpg09FV+ev6ZMe3vJihgdxzgcwZ8VoEEPmALCZG9LmqfVoNMMKpttIYTVG6uDY7A==}
    engines: {node: '>=0.3.1'}
    dev: true

  /diffie-hellman@5.0.3:
    resolution: {integrity: sha512-kqag/Nl+f3GwyK25fhUMYj81BUOrZ9IuJsjIcDE5icNM9FJHAVm3VcUDxdLPoQtTuUylWm6ZIknYJwwaPxsUzg==}
    dependencies:
      bn.js: 4.12.0
      miller-rabin: 4.0.1
      randombytes: 2.1.0
    dev: true

  /elliptic@6.5.4:
    resolution: {integrity: sha512-iLhC6ULemrljPZb+QutR5TQGB+pdW6KGD5RSegS+8sorOZT+rdQFbsQFJgvN3eRqNALqJer4oQ16YvJHlU8hzQ==}
    dependencies:
      bn.js: 4.12.0
      brorand: 1.1.0
      hash.js: 1.1.7
      hmac-drbg: 1.0.1
      inherits: 2.0.4
      minimalistic-assert: 1.0.1
      minimalistic-crypto-utils: 1.0.1
    dev: true

  /errno@0.1.8:
    resolution: {integrity: sha512-dJ6oBr5SQ1VSd9qkk7ByRgb/1SH4JZjCHSW/mr63/QcXO9zLVxvJ6Oy13nio03rxpSnVDDjFor75SjVeZWPW/A==}
    hasBin: true
    dependencies:
      prr: 1.0.1
    dev: true

  /esbuild@0.19.12:
    resolution: {integrity: sha512-aARqgq8roFBj054KvQr5f1sFu0D65G+miZRCuJyJ0G13Zwx7vRar5Zhn2tkQNzIXcBrNVsv/8stehpj+GAjgbg==}
    engines: {node: '>=12'}
    hasBin: true
    requiresBuild: true
    optionalDependencies:
      '@esbuild/aix-ppc64': 0.19.12
      '@esbuild/android-arm': 0.19.12
      '@esbuild/android-arm64': 0.19.12
      '@esbuild/android-x64': 0.19.12
      '@esbuild/darwin-arm64': 0.19.12
      '@esbuild/darwin-x64': 0.19.12
      '@esbuild/freebsd-arm64': 0.19.12
      '@esbuild/freebsd-x64': 0.19.12
      '@esbuild/linux-arm': 0.19.12
      '@esbuild/linux-arm64': 0.19.12
      '@esbuild/linux-ia32': 0.19.12
      '@esbuild/linux-loong64': 0.19.12
      '@esbuild/linux-mips64el': 0.19.12
      '@esbuild/linux-ppc64': 0.19.12
      '@esbuild/linux-riscv64': 0.19.12
      '@esbuild/linux-s390x': 0.19.12
      '@esbuild/linux-x64': 0.19.12
      '@esbuild/netbsd-x64': 0.19.12
      '@esbuild/openbsd-x64': 0.19.12
      '@esbuild/sunos-x64': 0.19.12
      '@esbuild/win32-arm64': 0.19.12
      '@esbuild/win32-ia32': 0.19.12
      '@esbuild/win32-x64': 0.19.12
    dev: true

  /evp_bytestokey@1.0.3:
    resolution: {integrity: sha512-/f2Go4TognH/KvCISP7OUsHn85hT9nUkxxA9BEWxFn+Oj9o8ZNLm/40hdlgSLyuOimsrTKLUMEorQexp/aPQeA==}
    dependencies:
      md5.js: 1.3.5
      safe-buffer: 5.2.1
    dev: true

  /follow-redirects@1.15.5:
    resolution: {integrity: sha512-vSFWUON1B+yAw1VN4xMfxgn5fTUiaOzAJCKBwIIgT/+7CuGy9+r+5gITvP62j3RmaD5Ph65UaERdOSRGUzZtgw==}
    engines: {node: '>=4.0'}
    peerDependencies:
      debug: '*'
    peerDependenciesMeta:
      debug:
        optional: true
    dev: false

  /foreach@2.0.6:
    resolution: {integrity: sha512-k6GAGDyqLe9JaebCsFCoudPPWfihKu8pylYXRlqP1J7ms39iPoTtk2fviNglIeQEwdh0bQeKJ01ZPyuyQvKzwg==}
    dev: true

  /form-data@4.0.0:
    resolution: {integrity: sha512-ETEklSGi5t0QMZuiXoA/Q6vcnxcLQP5vdugSpuAyi6SVGi2clPPp+xgEhuMaHC+zGgn31Kd235W35f7Hykkaww==}
    engines: {node: '>= 6'}
    dependencies:
      asynckit: 0.4.0
      combined-stream: 1.0.8
      mime-types: 2.1.35
    dev: false

  /fsevents@2.3.3:
    resolution: {integrity: sha512-5xoDfX+fL7faATnagmWPpbFtwh/R77WmMMqqHGS65C3vvB0YHrgF+B1YmZ3441tMj5n63k0212XNoJwzlhffQw==}
    engines: {node: ^8.16.0 || ^10.6.0 || >=11.0.0}
    os: [darwin]
    requiresBuild: true
    dev: true
    optional: true

  /fwd-stream@1.0.4:
    resolution: {integrity: sha512-q2qaK2B38W07wfPSQDKMiKOD5Nzv2XyuvQlrmh1q0pxyHNanKHq8lwQ6n9zHucAwA5EbzRJKEgds2orn88rYTg==}
    dependencies:
      readable-stream: 1.0.34
    dev: true

  /hash-base@3.1.0:
    resolution: {integrity: sha512-1nmYp/rhMDiE7AYkDw+lLwlAzz0AntGIe51F3RfFfEqyQ3feY2eI/NcwC6umIQVOASPMsWJLJScWKSSvzL9IVA==}
    engines: {node: '>=4'}
    dependencies:
      inherits: 2.0.4
      readable-stream: 3.6.2
      safe-buffer: 5.2.1
    dev: true

  /hash.js@1.1.7:
    resolution: {integrity: sha512-taOaskGt4z4SOANNseOviYDvjEJinIkRgmp7LbKP2YTTmVxWBl87s/uzK9r+44BclBSp2X7K1hqeNfz9JbBeXA==}
    dependencies:
      inherits: 2.0.4
      minimalistic-assert: 1.0.1
    dev: true

  /hmac-drbg@1.0.1:
    resolution: {integrity: sha512-Tti3gMqLdZfhOQY1Mzf/AanLiqh1WTiJgEj26ZuYQ9fbkLomzGchCws4FyrSd4VkpBfiNhaE1On+lOz894jvXg==}
    dependencies:
      hash.js: 1.1.7
      minimalistic-assert: 1.0.1
      minimalistic-crypto-utils: 1.0.1
    dev: true

  /idb-wrapper@1.7.2:
    resolution: {integrity: sha512-zfNREywMuf0NzDo9mVsL0yegjsirJxHpKHvWcyRozIqQy89g0a3U+oBPOCN4cc0oCiOuYgZHimzaW/R46G1Mpg==}
    dev: true

  /indexof@0.0.1:
    resolution: {integrity: sha512-i0G7hLJ1z0DE8dsqJa2rycj9dBmNKgXBvotXtZYXakU9oivfB9Uj2ZBC27qqef2U58/ZLwalxa1X/RDCdkHtVg==}
    dev: true

  /inherits@2.0.4:
    resolution: {integrity: sha512-k/vGaX4/Yla3WzyMCvTQOXYeIHvqOKtnqBduzTHpzpQZzAskKMhZ2K+EnBiSM9zGSoIFeMpXKxa4dYeZIQqewQ==}
    dev: true

  /is-object@0.1.2:
    resolution: {integrity: sha512-GkfZZlIZtpkFrqyAXPQSRBMsaHAw+CgoKe2HXAkjd/sfoI9+hS8PT4wg2rJxdQyUKr7N2vHJbg7/jQtE5l5vBQ==}
    dev: true

  /is@0.2.7:
    resolution: {integrity: sha512-ajQCouIvkcSnl2iRdK70Jug9mohIHVX9uKpoWnl115ov0R5mzBvRrXxrnHbsA+8AdwCwc/sfw7HXmd4I5EJBdQ==}
    dev: true

  /isarray@0.0.1:
    resolution: {integrity: sha512-D2S+3GLxWH+uhrNEcoh/fnmYeP8E8/zHl644d/jdA0g2uyXvy3sb0qxotE+ne0LtccHknQzWwZEzhak7oJ0COQ==}
    dev: true

  /isarray@1.0.0:
    resolution: {integrity: sha512-VLghIWNM6ELQzo7zwmcg0NmTVyWKYjvIeM83yjp0wRDTmUnrM678fQbcKBo6n2CJEF0szoG//ytg+TKla89ALQ==}
    dev: true

  /isbuffer@0.0.0:
    resolution: {integrity: sha512-xU+NoHp+YtKQkaM2HsQchYn0sltxMxew0HavMfHbjnucBoTSGbw745tL+Z7QBANleWM1eEQMenEpi174mIeS4g==}
    dev: true

  /level-blobs@0.1.7:
    resolution: {integrity: sha512-n0iYYCGozLd36m/Pzm206+brIgXP8mxPZazZ6ZvgKr+8YwOZ8/PPpYC5zMUu2qFygRN8RO6WC/HH3XWMW7RMVg==}
    dependencies:
      level-peek: 1.0.6
      once: 1.4.0
      readable-stream: 1.1.14
    dev: true

  /level-filesystem@1.2.0:
    resolution: {integrity: sha512-PhXDuCNYpngpxp3jwMT9AYBMgOvB6zxj3DeuIywNKmZqFj2djj9XfT2XDVslfqmo0Ip79cAd3SBy3FsfOZPJ1g==}
    dependencies:
      concat-stream: 1.6.2
      errno: 0.1.8
      fwd-stream: 1.0.4
      level-blobs: 0.1.7
      level-peek: 1.0.6
      level-sublevel: 5.2.3
      octal: 1.0.0
      once: 1.4.0
      xtend: 2.2.0
    dev: true

  /level-fix-range@1.0.2:
    resolution: {integrity: sha512-9llaVn6uqBiSlBP+wKiIEoBa01FwEISFgHSZiyec2S0KpyLUkGR4afW/FCZ/X8y+QJvzS0u4PGOlZDdh1/1avQ==}
    dev: true

  /level-fix-range@2.0.0:
    resolution: {integrity: sha512-WrLfGWgwWbYPrHsYzJau+5+te89dUbENBg3/lsxOs4p2tYOhCHjbgXxBAj4DFqp3k/XBwitcRXoCh8RoCogASA==}
    dependencies:
      clone: 0.1.19
    dev: true

  /level-hooks@4.5.0:
    resolution: {integrity: sha512-fxLNny/vL/G4PnkLhWsbHnEaRi+A/k8r5EH/M77npZwYL62RHi2fV0S824z3QdpAk6VTgisJwIRywzBHLK4ZVA==}
    dependencies:
      string-range: 1.2.2
    dev: true

  /level-js@2.2.4:
    resolution: {integrity: sha512-lZtjt4ZwHE00UMC1vAb271p9qzg8vKlnDeXfIesH3zL0KxhHRDjClQLGLWhyR0nK4XARnd4wc/9eD1ffd4PshQ==}
    dependencies:
      abstract-leveldown: 0.12.4
      idb-wrapper: 1.7.2
      isbuffer: 0.0.0
      ltgt: 2.2.1
      typedarray-to-buffer: 1.0.4
      xtend: 2.1.2
    dev: true

  /level-peek@1.0.6:
    resolution: {integrity: sha512-TKEzH5TxROTjQxWMczt9sizVgnmJ4F3hotBI48xCTYvOKd/4gA/uY0XjKkhJFo6BMic8Tqjf6jFMLWeg3MAbqQ==}
    dependencies:
      level-fix-range: 1.0.2
    dev: true

  /level-sublevel@5.2.3:
    resolution: {integrity: sha512-tO8jrFp+QZYrxx/Gnmjawuh1UBiifpvKNAcm4KCogesWr1Nm2+ckARitf+Oo7xg4OHqMW76eAqQ204BoIlscjA==}
    dependencies:
      level-fix-range: 2.0.0
      level-hooks: 4.5.0
      string-range: 1.2.2
      xtend: 2.0.6
    dev: true

  /levelup@0.18.6:
    resolution: {integrity: sha512-uB0auyRqIVXx+hrpIUtol4VAPhLRcnxcOsd2i2m6rbFIDarO5dnrupLOStYYpEcu8ZT087Z9HEuYw1wjr6RL6Q==}
    dependencies:
      bl: 0.8.2
      deferred-leveldown: 0.2.0
      errno: 0.1.8
      prr: 0.0.0
      readable-stream: 1.0.34
      semver: 2.3.2
      xtend: 3.0.0
    dev: true

  /ltgt@2.2.1:
    resolution: {integrity: sha512-AI2r85+4MquTw9ZYqabu4nMwy9Oftlfa/e/52t9IjtfG+mGBbTNdAoZ3RQKLHR6r0wQnwZnPIEh/Ya6XTWAKNA==}
    dev: true

  /make-error@1.3.6:
    resolution: {integrity: sha512-s8UhlNe7vPKomQhC1qFelMokr/Sc3AgNbso3n74mVPA5LTZwkB9NlXf4XPamLxJE8h0gh73rM94xvwRT2CVInw==}
    dev: true

  /md5.js@1.3.5:
    resolution: {integrity: sha512-xitP+WxNPcTTOgnTJcrhM0xvdPepipPSf3I8EIpGKeFLjt3PlJLIDG3u8EX53ZIubkb+5U2+3rELYpEhHhzdkg==}
    dependencies:
      hash-base: 3.1.0
      inherits: 2.0.4
      safe-buffer: 5.2.1
    dev: true

  /miller-rabin@4.0.1:
    resolution: {integrity: sha512-115fLhvZVqWwHPbClyntxEVfVDfl9DLLTuJvq3g2O/Oxi8AiNouAHvDSzHS0viUJc+V5vm3eq91Xwqn9dp4jRA==}
    hasBin: true
    dependencies:
      bn.js: 4.12.0
      brorand: 1.1.0
    dev: true

  /mime-db@1.52.0:
    resolution: {integrity: sha512-sPU4uV7dYlvtWJxwwxHD0PuihVNiE7TyAbQ5SWxDCB9mUYvOgroQOwYQQOKPJ8CIbE+1ETVlOoK1UC2nU3gYvg==}
    engines: {node: '>= 0.6'}
    dev: false

  /mime-types@2.1.35:
    resolution: {integrity: sha512-ZDY+bPm5zTTF+YpCrAU9nK0UgICYPT0QtT1NZWFv4s++TNkcgVaT0g6+4R2uI4MjQjzysHB1zxuWL50hzaeXiw==}
    engines: {node: '>= 0.6'}
    dependencies:
      mime-db: 1.52.0
    dev: false

  /minimalistic-assert@1.0.1:
    resolution: {integrity: sha512-UtJcAD4yEaGtjPezWuO9wC4nwUnVH/8/Im3yEHQP4b67cXlD/Qr9hdITCU1xDbSEXg2XKNaP8jsReV7vQd00/A==}
    dev: true

  /minimalistic-crypto-utils@1.0.1:
    resolution: {integrity: sha512-JIYlbt6g8i5jKfJ3xz7rF0LXmv2TkDxBLUkiBeZ7bAx4GnnNMr8xFpGnOxn6GhTEHx3SjRrZEoU+j04prX1ktg==}
    dev: true

  /nanoid@3.3.7:
    resolution: {integrity: sha512-eSRppjcPIatRIMC1U6UngP8XFcz8MQWGQdt1MTBQ7NaAmvXDfvNxbvWV3x2y6CdEUciCSsDHDQZbhYaB8QEo2g==}
    engines: {node: ^10 || ^12 || ^13.7 || ^14 || >=15.0.1}
    hasBin: true
    dev: true

  /object-keys@0.2.0:
    resolution: {integrity: sha512-XODjdR2pBh/1qrjPcbSeSgEtKbYo7LqYNq64/TPuCf7j9SfDD3i21yatKoIy39yIWNvVM59iutfQQpCv1RfFzA==}
    deprecated: Please update to the latest object-keys
    dependencies:
      foreach: 2.0.6
      indexof: 0.0.1
      is: 0.2.7
    dev: true

  /object-keys@0.4.0:
    resolution: {integrity: sha512-ncrLw+X55z7bkl5PnUvHwFK9FcGuFYo9gtjws2XtSzL+aZ8tm830P60WJ0dSmFVaSalWieW5MD7kEdnXda9yJw==}
    dev: true

  /octal@1.0.0:
    resolution: {integrity: sha512-nnda7W8d+A3vEIY+UrDQzzboPf1vhs4JYVhff5CDkq9QNoZY7Xrxeo/htox37j9dZf7yNHevZzqtejWgy1vCqQ==}
    dev: true

  /once@1.4.0:
    resolution: {integrity: sha512-lNaJgI+2Q5URQBkccEKHTQOPaXdUxnZZElQTZY0MFUAuaEqe1E+Nyvgdz/aIyNi6Z9MzO5dv1H8n58/GELp3+w==}
    dependencies:
      wrappy: 1.0.2
    dev: true

  /parse-asn1@5.1.6:
    resolution: {integrity: sha512-RnZRo1EPU6JBnra2vGHj0yhp6ebyjBZpmUCLHWiFhxlzvBCCpAuZ7elsBp1PVAbQN0/04VD/19rfzlBSwLstMw==}
    dependencies:
      asn1.js: 5.4.1
      browserify-aes: 1.2.0
      evp_bytestokey: 1.0.3
      pbkdf2: 3.1.2
      safe-buffer: 5.2.1
    dev: true

  /pbkdf2@3.1.2:
    resolution: {integrity: sha512-iuh7L6jA7JEGu2WxDwtQP1ddOpaJNC4KlDEFfdQajSGgGPNi4OyDc2R7QnbY2bR9QjBVGwgvTdNJZoE7RaxUMA==}
    engines: {node: '>=0.12'}
    dependencies:
      create-hash: 1.2.0
      create-hmac: 1.1.7
      ripemd160: 2.0.2
      safe-buffer: 5.2.1
      sha.js: 2.4.11
    dev: true

  /picocolors@1.0.0:
    resolution: {integrity: sha512-1fygroTLlHu66zi26VoTDv8yRgm0Fccecssto+MhsZ0D/DGW2sm8E8AjW7NU5VVTRt5GxbeZ5qBuJr+HyLYkjQ==}
    dev: true

  /postcss@8.4.33:
    resolution: {integrity: sha512-Kkpbhhdjw2qQs2O2DGX+8m5OVqEcbB9HRBvuYM9pgrjEFUg30A9LmXNlTAUj4S9kgtGyrMbTzVjH7E+s5Re2yg==}
    engines: {node: ^10 || ^12 || >=14}
    dependencies:
      nanoid: 3.3.7
      picocolors: 1.0.0
      source-map-js: 1.0.2
    dev: true

  /process-es6@0.11.6:
    resolution: {integrity: sha512-GYBRQtL4v3wgigq10Pv58jmTbFXlIiTbSfgnNqZLY0ldUPqy1rRxDI5fCjoCpnM6TqmHQI8ydzTBXW86OYc0gA==}
    dev: true

  /process-nextick-args@2.0.1:
    resolution: {integrity: sha512-3ouUOpQhtgrbOa17J7+uxOTpITYWaGP7/AhoR3+A+/1e9skrzelGi/dXzEYyvbxubEF6Wn2ypscTKiKJFFn1ag==}
    dev: true

  /proxy-from-env@1.1.0:
    resolution: {integrity: sha512-D+zkORCbA9f1tdWRK0RaCR3GPv50cMxcrz4X8k5LTSUD1Dkw47mKJEZQNunItRTkWwgtaUSo1RVFRIG9ZXiFYg==}
    dev: false

  /prr@0.0.0:
    resolution: {integrity: sha512-LmUECmrW7RVj6mDWKjTXfKug7TFGdiz9P18HMcO4RHL+RW7MCOGNvpj5j47Rnp6ne6r4fZ2VzyUWEpKbg+tsjQ==}
    dev: true

  /prr@1.0.1:
    resolution: {integrity: sha512-yPw4Sng1gWghHQWj0B3ZggWUm4qVbPwPFcRG8KyxiU7J2OHFSoEHKS+EZ3fv5l1t9CyCiop6l/ZYeWbrgoQejw==}
    dev: true

  /public-encrypt@4.0.3:
    resolution: {integrity: sha512-zVpa8oKZSz5bTMTFClc1fQOnyyEzpl5ozpi1B5YcvBrdohMjH2rfsBtyXcuNuwjsDIXmBYlF2N5FlJYhR29t8Q==}
    dependencies:
      bn.js: 4.12.0
      browserify-rsa: 4.1.0
      create-hash: 1.2.0
      parse-asn1: 5.1.6
      randombytes: 2.1.0
      safe-buffer: 5.2.1
    dev: true

  /randombytes@2.1.0:
    resolution: {integrity: sha512-vYl3iOX+4CKUWuxGi9Ukhie6fsqXqS9FE2Zaic4tNFD2N2QQaXOMFbuKK4QmDHC0JO6B1Zp41J0LpT0oR68amQ==}
    dependencies:
      safe-buffer: 5.2.1
    dev: true

  /randomfill@1.0.4:
    resolution: {integrity: sha512-87lcbR8+MhcWcUiQ+9e+Rwx8MyR2P7qnt15ynUlbm3TU/fjbgz4GsvfSUDTemtCCtVCqb4ZcEFlyPNTh9bBTLw==}
    dependencies:
      randombytes: 2.1.0
      safe-buffer: 5.2.1
    dev: true

  /readable-stream@1.0.34:
    resolution: {integrity: sha512-ok1qVCJuRkNmvebYikljxJA/UEsKwLl2nI1OmaqAu4/UE+h0wKCHok4XkL/gvi39OacXvw59RJUOFUkDib2rHg==}
    dependencies:
      core-util-is: 1.0.3
      inherits: 2.0.4
      isarray: 0.0.1
      string_decoder: 0.10.31
    dev: true

  /readable-stream@1.1.14:
    resolution: {integrity: sha512-+MeVjFf4L44XUkhM1eYbD8fyEsxcV81pqMSR5gblfcLCHfZvbrqy4/qYHE+/R5HoBUT11WV5O08Cr1n3YXkWVQ==}
    dependencies:
      core-util-is: 1.0.3
      inherits: 2.0.4
      isarray: 0.0.1
      string_decoder: 0.10.31
    dev: true

  /readable-stream@2.3.8:
    resolution: {integrity: sha512-8p0AUk4XODgIewSi0l8Epjs+EVnWiK7NoDIEGU0HhE7+ZyY8D1IMY7odu5lRrFXGg71L15KG8QrPmum45RTtdA==}
    dependencies:
      core-util-is: 1.0.3
      inherits: 2.0.4
      isarray: 1.0.0
      process-nextick-args: 2.0.1
      safe-buffer: 5.1.2
      string_decoder: 1.1.1
      util-deprecate: 1.0.2
    dev: true

  /readable-stream@3.6.2:
    resolution: {integrity: sha512-9u/sniCrY3D5WdsERHzHE4G2YCXqoG5FTHUiCC4SIbr6XcLZBY05ya9EKjYek9O5xOAwjGq+1JdGBAS7Q9ScoA==}
    engines: {node: '>= 6'}
    dependencies:
      inherits: 2.0.4
      string_decoder: 1.3.0
      util-deprecate: 1.0.2
    dev: true

  /ripemd160@2.0.2:
    resolution: {integrity: sha512-ii4iagi25WusVoiC4B4lq7pbXfAp3D9v5CwfkY33vffw2+pkDjY1D8GaN7spsxvCSx8dkPqOZCEZyfxcmJG2IA==}
    dependencies:
      hash-base: 3.1.0
      inherits: 2.0.4
    dev: true

  /rollup-plugin-node-builtins@2.1.2:
    resolution: {integrity: sha512-bxdnJw8jIivr2yEyt8IZSGqZkygIJOGAWypXvHXnwKAbUcN4Q/dGTx7K0oAJryC/m6aq6tKutltSeXtuogU6sw==}
    dependencies:
      browserify-fs: 1.0.0
      buffer-es6: 4.9.3
      crypto-browserify: 3.12.0
      process-es6: 0.11.6
    dev: true

  /rollup@4.9.6:
    resolution: {integrity: sha512-05lzkCS2uASX0CiLFybYfVkwNbKZG5NFQ6Go0VWyogFTXXbR039UVsegViTntkk4OglHBdF54ccApXRRuXRbsg==}
    engines: {node: '>=18.0.0', npm: '>=8.0.0'}
    hasBin: true
    dependencies:
      '@types/estree': 1.0.5
    optionalDependencies:
      '@rollup/rollup-android-arm-eabi': 4.9.6
      '@rollup/rollup-android-arm64': 4.9.6
      '@rollup/rollup-darwin-arm64': 4.9.6
      '@rollup/rollup-darwin-x64': 4.9.6
      '@rollup/rollup-linux-arm-gnueabihf': 4.9.6
      '@rollup/rollup-linux-arm64-gnu': 4.9.6
      '@rollup/rollup-linux-arm64-musl': 4.9.6
      '@rollup/rollup-linux-riscv64-gnu': 4.9.6
      '@rollup/rollup-linux-x64-gnu': 4.9.6
      '@rollup/rollup-linux-x64-musl': 4.9.6
      '@rollup/rollup-win32-arm64-msvc': 4.9.6
      '@rollup/rollup-win32-ia32-msvc': 4.9.6
      '@rollup/rollup-win32-x64-msvc': 4.9.6
      fsevents: 2.3.3
    dev: true

  /safe-buffer@5.1.2:
    resolution: {integrity: sha512-Gd2UZBJDkXlY7GbJxfsE8/nvKkUEU1G38c1siN6QP6a9PT9MmHB8GnpscSmMJSoF8LOIrt8ud/wPtojys4G6+g==}
    dev: true

  /safe-buffer@5.2.1:
    resolution: {integrity: sha512-rp3So07KcdmmKbGvgaNxQSJr7bGVSVk5S9Eq1F+ppbRo70+YeaDxkw5Dd8NPN+GD6bjnYm2VuPuCXmpuYvmCXQ==}
    dev: true

  /safer-buffer@2.1.2:
    resolution: {integrity: sha512-YZo3K82SD7Riyi0E1EQPojLz7kpepnSQI9IyPbHHg1XXXevb5dJI7tpyN2ADxGcQbHG7vcyRHk0cbwqcQriUtg==}
    dev: true

  /semver@2.3.2:
    resolution: {integrity: sha512-abLdIKCosKfpnmhS52NCTjO4RiLspDfsn37prjzGrp9im5DPJOgh82Os92vtwGh6XdQryKI/7SREZnV+aqiXrA==}
    hasBin: true
    dev: true

  /sha.js@2.4.11:
    resolution: {integrity: sha512-QMEp5B7cftE7APOjk5Y6xgrbWu+WkLVQwk8JNjZ8nKRciZaByEW6MubieAiToS7+dwvrjGhH8jRXz3MVd0AYqQ==}
    hasBin: true
    dependencies:
      inherits: 2.0.4
      safe-buffer: 5.2.1
    dev: true

  /source-map-js@1.0.2:
    resolution: {integrity: sha512-R0XvVJ9WusLiqTCEiGCmICCMplcCkIwwR11mOSD9CR5u+IXYdiseeEuXCVAjS54zqwkLcPNnmU4OeJ6tUrWhDw==}
    engines: {node: '>=0.10.0'}
    dev: true

  /string-range@1.2.2:
    resolution: {integrity: sha512-tYft6IFi8SjplJpxCUxyqisD3b+R2CSkomrtJYCkvuf1KuCAWgz7YXt4O0jip7efpfCemwHEzTEAO8EuOYgh3w==}
    dev: true

  /string_decoder@0.10.31:
    resolution: {integrity: sha512-ev2QzSzWPYmy9GuqfIVildA4OdcGLeFZQrq5ys6RtiuF+RQQiZWr8TZNyAcuVXyQRYfEO+MsoB/1BuQVhOJuoQ==}
    dev: true

  /string_decoder@1.1.1:
    resolution: {integrity: sha512-n/ShnvDi6FHbbVfviro+WojiFzv+s8MPMHBczVePfUpDJLwoLT0ht1l4YwBCbi8pJAveEEdnkHyPyTP/mzRfwg==}
    dependencies:
      safe-buffer: 5.1.2
    dev: true

  /string_decoder@1.3.0:
    resolution: {integrity: sha512-hkRX8U1WjJFd8LsDJ2yQ/wWWxaopEsABU1XfkM8A+j0+85JAGppt16cr1Whg6KIbb4okU6Mql6BOj+uup/wKeA==}
    dependencies:
      safe-buffer: 5.2.1
    dev: true

  /ts-node@10.9.2(@types/node@20.11.16)(typescript@5.3.3):
    resolution: {integrity: sha512-f0FFpIdcHgn8zcPSbf1dRevwt047YMnaiJM3u2w2RewrB+fob/zePZcrOyQoLMMO7aBIddLcQIEK5dYjkLnGrQ==}
    hasBin: true
    peerDependencies:
      '@swc/core': '>=1.2.50'
      '@swc/wasm': '>=1.2.50'
      '@types/node': '*'
      typescript: '>=2.7'
    peerDependenciesMeta:
      '@swc/core':
        optional: true
      '@swc/wasm':
        optional: true
    dependencies:
      '@cspotcode/source-map-support': 0.8.1
      '@tsconfig/node10': 1.0.9
      '@tsconfig/node12': 1.0.11
      '@tsconfig/node14': 1.0.3
      '@tsconfig/node16': 1.0.4
      '@types/node': 20.11.16
      acorn: 8.11.3
      acorn-walk: 8.3.2
      arg: 4.1.3
      create-require: 1.1.1
      diff: 4.0.2
      make-error: 1.3.6
      typescript: 5.3.3
      v8-compile-cache-lib: 3.0.1
      yn: 3.1.1
    dev: true

  /typedarray-to-buffer@1.0.4:
    resolution: {integrity: sha512-vjMKrfSoUDN8/Vnqitw2FmstOfuJ73G6CrSEKnf11A6RmasVxHqfeBcnTb6RsL4pTMuV5Zsv9IiHRphMZyckUw==}
    dev: true

  /typedarray@0.0.6:
    resolution: {integrity: sha512-/aCDEGatGvZ2BIk+HmLf4ifCJFwvKFNb9/JeZPMulfgFracn9QFcAf5GO8B/mweUjSoblS5In0cWhqpfs/5PQA==}
    dev: true

  /typescript@5.3.3:
    resolution: {integrity: sha512-pXWcraxM0uxAS+tN0AG/BF2TyqmHO014Z070UsJ+pFvYuRSq8KH8DmWpnbXe0pEPDHXZV3FcAbJkijJ5oNEnWw==}
    engines: {node: '>=14.17'}
    hasBin: true
    dev: true

  /undici-types@5.26.5:
    resolution: {integrity: sha512-JlCMO+ehdEIKqlFxk6IfVoAUVmgz7cU7zD/h9XZ0qzeosSHmUJVOzSQvvYSYWXkFXC+IfLKSIffhv0sVZup6pA==}
    dev: true

  /util-deprecate@1.0.2:
    resolution: {integrity: sha512-EPD5q1uXyFxJpCrLnCc1nHnq3gOa6DZBocAIiI2TaSCA7VCJ1UJDMagCzIkXNsUYfD1daK//LTEQ8xiIbrHtcw==}
    dev: true

  /v8-compile-cache-lib@3.0.1:
    resolution: {integrity: sha512-wa7YjyUGfNZngI/vtK0UHAN+lgDCxBPCylVXGp0zu59Fz5aiGtNXaq3DhIov063MorB+VfufLh3JlF2KdTK3xg==}
    dev: true

  /vite@5.0.12(@types/node@20.11.16):
    resolution: {integrity: sha512-4hsnEkG3q0N4Tzf1+t6NdN9dg/L3BM+q8SWgbSPnJvrgH2kgdyzfVJwbR1ic69/4uMJJ/3dqDZZE5/WwqW8U1w==}
    engines: {node: ^18.0.0 || >=20.0.0}
    hasBin: true
    peerDependencies:
      '@types/node': ^18.0.0 || >=20.0.0
      less: '*'
      lightningcss: ^1.21.0
      sass: '*'
      stylus: '*'
      sugarss: '*'
      terser: ^5.4.0
    peerDependenciesMeta:
      '@types/node':
        optional: true
      less:
        optional: true
      lightningcss:
        optional: true
      sass:
        optional: true
      stylus:
        optional: true
      sugarss:
        optional: true
      terser:
        optional: true
    dependencies:
      '@types/node': 20.11.16
      esbuild: 0.19.12
      postcss: 8.4.33
      rollup: 4.9.6
    optionalDependencies:
      fsevents: 2.3.3
    dev: true

  /wrappy@1.0.2:
    resolution: {integrity: sha512-l4Sp/DRseor9wL6EvV2+TuQn63dMkPjZ/sp9XkghTEbV9KlPS1xUsZ3u7/IQO4wxtcFB4bgpQPRcR3QCvezPcQ==}
    dev: true

  /xtend@2.0.6:
    resolution: {integrity: sha512-fOZg4ECOlrMl+A6Msr7EIFcON1L26mb4NY5rurSkOex/TWhazOrg6eXD/B0XkuiYcYhQDWLXzQxLMVJ7LXwokg==}
    engines: {node: '>=0.4'}
    dependencies:
      is-object: 0.1.2
      object-keys: 0.2.0
    dev: true

  /xtend@2.1.2:
    resolution: {integrity: sha512-vMNKzr2rHP9Dp/e1NQFnLQlwlhp9L/LfvnsVdHxN1f+uggyVI3i08uD14GPvCToPkdsRfyPqIyYGmIk58V98ZQ==}
    engines: {node: '>=0.4'}
    dependencies:
      object-keys: 0.4.0
    dev: true

  /xtend@2.2.0:
    resolution: {integrity: sha512-SLt5uylT+4aoXxXuwtQp5ZnMMzhDb1Xkg4pEqc00WUJCQifPfV9Ub1VrNhp9kXkrjZD2I2Hl8WnjP37jzZLPZw==}
    engines: {node: '>=0.4'}
    dev: true

  /xtend@3.0.0:
    resolution: {integrity: sha512-sp/sT9OALMjRW1fKDlPeuSZlDQpkqReA0pyJukniWbTGoEKefHxhGJynE3PNhUMlcM8qWIjPwecwCw4LArS5Eg==}
    engines: {node: '>=0.4'}
    dev: true

  /yn@3.1.1:
    resolution: {integrity: sha512-Ux4ygGWsu2c7isFWe8Yu1YluJmqVhxqK2cLXNQA5AcC3QfbGNpM7fu0Y8b/z16pXLnFxZYvWhd3fhBY9DLmC6Q==}
    engines: {node: '>=6'}
    dev: true
